Microsoft Visual Studio Solution File, Format Version 11.00
# Visual Studio 2008

Project("{CFF6E3AF-2047-C1B2-A47D-86CA0EA81911}") = "Star Fighter", "Assembly-CSharp.csproj", "{6610BB12-BBED-967A-90C2-3724BC8BF625}"
EndProject
Global
	GlobalSection(SolutionConfigurationPlatforms) = preSolution
		Debug|Any CPU = Debug|Any CPU
		Release|Any CPU = Release|Any CPU
	EndGlobalSection
	GlobalSection(ProjectConfigurationPlatforms) = postSolution
		{6610BB12-BBED-967A-90C2-3724BC8BF625}.Debug|Any CPU.ActiveCfg = Debug|Any CPU
		{6610BB12-BBED-967A-90C2-3724BC8BF625}.Debug|Any CPU.Build.0 = Debug|Any CPU
		{6610BB12-BBED-967A-90C2-3724BC8BF625}.Release|Any CPU.ActiveCfg = Release|Any CPU
		{6610BB12-BBED-967A-90C2-3724BC8BF625}.Release|Any CPU.Build.0 = Release|Any CPU
	EndGlobalSection
	GlobalSection(SolutionProperties) = preSolution
		HideSolutionNode = FALSE
	EndGlobalSection
	GlobalSection(MonoDevelopProperties) = preSolution
		StartupItem = Assembly-CSharp.csproj
	EndGlobalSection
EndGlobal
